
Microsoft Visual Studio Solution File, Format Version 11.00
# Visual Studio 2010
Project("{8BC9CEB8-8B4A-11D0-8D11-00A0C91BC942}") = "1", "1\1.vcxproj", "{4C4EA240-C0D5-4A76-AE2F-360060402F71}"
EndProject
Project("{8BC9CEB8-8B4A-11D0-8D11-00A0C91BC942}") = "2", "2\2.vcxproj", "{0537E368-CF32-44A0-8AAB-A9BD2F03CA91}"
EndProject
Project("{8BC9CEB8-8B4A-11D0-8D11-00A0C91BC942}") = "3", "3\3.vcxproj", "{FB34A4AF-636A-4353-B120-DD3DB7E014C5}"
EndProject
Project("{8BC9CEB8-8B4A-11D0-8D11-00A0C91BC942}") = "6", "6\6.vcxproj", "{A639E90F-9DA4-4F37-BF0B-C5C3CC186718}"
EndProject
Project("{8BC9CEB8-8B4A-11D0-8D11-00A0C91BC942}") = "1512", "1512\1512.vcxproj", "{0415F30D-255D-4096-A1DD-D1BB37214034}"
EndProject
Project("{8BC9CEB8-8B4A-11D0-8D11-00A0C91BC942}") = "1386", "1386\1386.vcxproj", "{F53EA47A-09AD-479A-9B2F-025AC5634F13}"
EndProject
Project("{8BC9CEB8-8B4A-11D0-8D11-00A0C91BC942}") = "1514", "1514\1514.vcxproj", "{2BBDF2D7-CAC4-4860-8712-F41082C7DD40}"
EndProject
Project("{8BC9CEB8-8B4A-11D0-8D11-00A0C91BC942}") = "1515", "1515\1515.vcxproj", "{47723BEB-FDBC-4756-B959-94610091874F}"
EndProject
Project("{8BC9CEB8-8B4A-11D0-8D11-00A0C91BC942}") = "1518", "1518\1518.vcxproj", "{2BEE16F2-A9D6-48A6-A407-697F41B92175}"
EndProject
Project("{8BC9CEB8-8B4A-11D0-8D11-00A0C91BC942}") = "1366", "1366\1366.vcxproj", "{757F9462-B0D1-44DE-84CF-6C2AF0E3D410}"
EndProject
Project("{8BC9CEB8-8B4A-11D0-8D11-00A0C91BC942}") = "1368", "1368\1368.vcxproj", "{05E4A89B-2B78-4B2F-ACE2-7E3D1664C672}"
EndProject
Project("{8BC9CEB8-8B4A-11D0-8D11-00A0C91BC942}") = "1503", "1503\1503.vcxproj", "{D1F98953-573B-4AFD-AF31-DEDB5DD40E9B}"
EndProject
Project("{8BC9CEB8-8B4A-11D0-8D11-00A0C91BC942}") = "1369", "1369\1369.vcxproj", "{8CD3AE91-47DB-4EAF-92DB-8156A79B59E1}"
EndProject
Project("{8BC9CEB8-8B4A-11D0-8D11-00A0C91BC942}") = "1348", "1348\1348.vcxproj", "{8445CB22-AC68-4EEF-B182-22103DFDAB58}"
EndProject
Project("{8BC9CEB8-8B4A-11D0-8D11-00A0C91BC942}") = "1349", "1349\1349.vcxproj", "{0660B98C-A40E-4824-BA32-1CB5804DE768}"
EndProject
Project("{8BC9CEB8-8B4A-11D0-8D11-00A0C91BC942}") = "1505", "1505\1505.vcxproj", "{0587B34F-8878-44BF-8A6B-3FD63BB01C09}"
EndProject
Global
	GlobalSection(SolutionConfigurationPlatforms) = preSolution
		Debug|Win32 = Debug|Win32
		Release|Win32 = Release|Win32
	EndGlobalSection
	GlobalSection(ProjectConfigurationPlatforms) = postSolution
		{4C4EA240-C0D5-4A76-AE2F-360060402F71}.Debug|Win32.ActiveCfg = Debug|Win32
		{4C4EA240-C0D5-4A76-AE2F-360060402F71}.Debug|Win32.Build.0 = Debug|Win32
		{4C4EA240-C0D5-4A76-AE2F-360060402F71}.Release|Win32.ActiveCfg = Release|Win32
		{4C4EA240-C0D5-4A76-AE2F-360060402F71}.Release|Win32.Build.0 = Release|Win32
		{0537E368-CF32-44A0-8AAB-A9BD2F03CA91}.Debug|Win32.ActiveCfg = Debug|Win32
		{0537E368-CF32-44A0-8AAB-A9BD2F03CA91}.Debug|Win32.Build.0 = Debug|Win32
		{0537E368-CF32-44A0-8AAB-A9BD2F03CA91}.Release|Win32.ActiveCfg = Release|Win32
		{0537E368-CF32-44A0-8AAB-A9BD2F03CA91}.Release|Win32.Build.0 = Release|Win32
		{FB34A4AF-636A-4353-B120-DD3DB7E014C5}.Debug|Win32.ActiveCfg = Debug|Win32
		{FB34A4AF-636A-4353-B120-DD3DB7E014C5}.Debug|Win32.Build.0 = Debug|Win32
		{FB34A4AF-636A-4353-B120-DD3DB7E014C5}.Release|Win32.ActiveCfg = Release|Win32
		{FB34A4AF-636A-4353-B120-DD3DB7E014C5}.Release|Win32.Build.0 = Release|Win32
		{A639E90F-9DA4-4F37-BF0B-C5C3CC186718}.Debug|Win32.ActiveCfg = Debug|Win32
		{A639E90F-9DA4-4F37-BF0B-C5C3CC186718}.Debug|Win32.Build.0 = Debug|Win32
		{A639E90F-9DA4-4F37-BF0B-C5C3CC186718}.Release|Win32.ActiveCfg = Release|Win32
		{A639E90F-9DA4-4F37-BF0B-C5C3CC186718}.Release|Win32.Build.0 = Release|Win32
		{0415F30D-255D-4096-A1DD-D1BB37214034}.Debug|Win32.ActiveCfg = Debug|Win32
		{0415F30D-255D-4096-A1DD-D1BB37214034}.Debug|Win32.Build.0 = Debug|Win32
		{0415F30D-255D-4096-A1DD-D1BB37214034}.Release|Win32.ActiveCfg = Release|Win32
		{0415F30D-255D-4096-A1DD-D1BB37214034}.Release|Win32.Build.0 = Release|Win32
		{F53EA47A-09AD-479A-9B2F-025AC5634F13}.Debug|Win32.ActiveCfg = Debug|Win32
		{F53EA47A-09AD-479A-9B2F-025AC5634F13}.Debug|Win32.Build.0 = Debug|Win32
		{F53EA47A-09AD-479A-9B2F-025AC5634F13}.Release|Win32.ActiveCfg = Release|Win32
		{F53EA47A-09AD-479A-9B2F-025AC5634F13}.Release|Win32.Build.0 = Release|Win32
		{2BBDF2D7-CAC4-4860-8712-F41082C7DD40}.Debug|Win32.ActiveCfg = Debug|Win32
		{2BBDF2D7-CAC4-4860-8712-F41082C7DD40}.Debug|Win32.Build.0 = Debug|Win32
		{2BBDF2D7-CAC4-4860-8712-F41082C7DD40}.Release|Win32.ActiveCfg = Release|Win32
		{2BBDF2D7-CAC4-4860-8712-F41082C7DD40}.Release|Win32.Build.0 = Release|Win32
		{47723BEB-FDBC-4756-B959-94610091874F}.Debug|Win32.ActiveCfg = Debug|Win32
		{47723BEB-FDBC-4756-B959-94610091874F}.Debug|Win32.Build.0 = Debug|Win32
		{47723BEB-FDBC-4756-B959-94610091874F}.Release|Win32.ActiveCfg = Release|Win32
		{47723BEB-FDBC-4756-B959-94610091874F}.Release|Win32.Build.0 = Release|Win32
		{2BEE16F2-A9D6-48A6-A407-697F41B92175}.Debug|Win32.ActiveCfg = Debug|Win32
		{2BEE16F2-A9D6-48A6-A407-697F41B92175}.Debug|Win32.Build.0 = Debug|Win32
		{2BEE16F2-A9D6-48A6-A407-697F41B92175}.Release|Win32.ActiveCfg = Release|Win32
		{2BEE16F2-A9D6-48A6-A407-697F41B92175}.Release|Win32.Build.0 = Release|Win32
		{757F9462-B0D1-44DE-84CF-6C2AF0E3D410}.Debug|Win32.ActiveCfg = Debug|Win32
		{757F9462-B0D1-44DE-84CF-6C2AF0E3D410}.Debug|Win32.Build.0 = Debug|Win32
		{757F9462-B0D1-44DE-84CF-6C2AF0E3D410}.Release|Win32.ActiveCfg = Release|Win32
		{757F9462-B0D1-44DE-84CF-6C2AF0E3D410}.Release|Win32.Build.0 = Release|Win32
		{05E4A89B-2B78-4B2F-ACE2-7E3D1664C672}.Debug|Win32.ActiveCfg = Debug|Win32
		{05E4A89B-2B78-4B2F-ACE2-7E3D1664C672}.Debug|Win32.Build.0 = Debug|Win32
		{05E4A89B-2B78-4B2F-ACE2-7E3D1664C672}.Release|Win32.ActiveCfg = Release|Win32
		{05E4A89B-2B78-4B2F-ACE2-7E3D1664C672}.Release|Win32.Build.0 = Release|Win32
		{D1F98953-573B-4AFD-AF31-DEDB5DD40E9B}.Debug|Win32.ActiveCfg = Debug|Win32
		{D1F98953-573B-4AFD-AF31-DEDB5DD40E9B}.Debug|Win32.Build.0 = Debug|Win32
		{D1F98953-573B-4AFD-AF31-DEDB5DD40E9B}.Release|Win32.ActiveCfg = Release|Win32
		{D1F98953-573B-4AFD-AF31-DEDB5DD40E9B}.Release|Win32.Build.0 = Release|Win32
		{8CD3AE91-47DB-4EAF-92DB-8156A79B59E1}.Debug|Win32.ActiveCfg = Debug|Win32
		{8CD3AE91-47DB-4EAF-92DB-8156A79B59E1}.Debug|Win32.Build.0 = Debug|Win32
		{8CD3AE91-47DB-4EAF-92DB-8156A79B59E1}.Release|Win32.ActiveCfg = Release|Win32
		{8CD3AE91-47DB-4EAF-92DB-8156A79B59E1}.Release|Win32.Build.0 = Release|Win32
		{8445CB22-AC68-4EEF-B182-22103DFDAB58}.Debug|Win32.ActiveCfg = Debug|Win32
		{8445CB22-AC68-4EEF-B182-22103DFDAB58}.Debug|Win32.Build.0 = Debug|Win32
		{8445CB22-AC68-4EEF-B182-22103DFDAB58}.Release|Win32.ActiveCfg = Release|Win32
		{8445CB22-AC68-4EEF-B182-22103DFDAB58}.Release|Win32.Build.0 = Release|Win32
		{0660B98C-A40E-4824-BA32-1CB5804DE768}.Debug|Win32.ActiveCfg = Debug|Win32
		{0660B98C-A40E-4824-BA32-1CB5804DE768}.Debug|Win32.Build.0 = Debug|Win32
		{0660B98C-A40E-4824-BA32-1CB5804DE768}.Release|Win32.ActiveCfg = Release|Win32
		{0660B98C-A40E-4824-BA32-1CB5804DE768}.Release|Win32.Build.0 = Release|Win32
		{0587B34F-8878-44BF-8A6B-3FD63BB01C09}.Debug|Win32.ActiveCfg = Debug|Win32
		{0587B34F-8878-44BF-8A6B-3FD63BB01C09}.Debug|Win32.Build.0 = Debug|Win32
		{0587B34F-8878-44BF-8A6B-3FD63BB01C09}.Release|Win32.ActiveCfg = Release|Win32
		{0587B34F-8878-44BF-8A6B-3FD63BB01C09}.Release|Win32.Build.0 = Release|Win32
	EndGlobalSection
	GlobalSection(SolutionProperties) = preSolution
		HideSolutionNode = FALSE
	EndGlobalSection
EndGlobal
