
Microsoft Visual Studio Solution File, Format Version 11.00
# Visual Studio 2010
Project("{8BC9CEB8-8B4A-11D0-8D11-00A0C91BC942}") = "1053", "1053\1053.vcxproj", "{191EC74D-4471-47CA-9F95-8CB2D666E76D}"
EndProject
Project("{8BC9CEB8-8B4A-11D0-8D11-00A0C91BC942}") = "1052", "1052\1052.vcxproj", "{6B1D5FE8-E302-4BFC-9C00-9819D9BA8D3D}"
EndProject
Project("{8BC9CEB8-8B4A-11D0-8D11-00A0C91BC942}") = "1051", "1051\1051.vcxproj", "{BC30B59D-387D-4728-972A-4FD41928A9F0}"
EndProject
Project("{8BC9CEB8-8B4A-11D0-8D11-00A0C91BC942}") = "1050", "1050\1050.vcxproj", "{F5CBB085-BB2F-4AF8-9DAC-EC6C79A58B51}"
EndProject
Project("{8BC9CEB8-8B4A-11D0-8D11-00A0C91BC942}") = "1042", "1042\1042.vcxproj", "{6E34B286-EFCE-4122-918B-04A5C98439BE}"
EndProject
Project("{8BC9CEB8-8B4A-11D0-8D11-00A0C91BC942}") = "1043", "1043\1043.vcxproj", "{39F55FCC-2953-4D53-8F7A-C9DEFF278C1B}"
EndProject
Project("{8BC9CEB8-8B4A-11D0-8D11-00A0C91BC942}") = "1044", "1044\1044.vcxproj", "{C4798AE7-035A-42EB-ACE7-4D82F859772D}"
EndProject
Project("{8BC9CEB8-8B4A-11D0-8D11-00A0C91BC942}") = "1045", "1045\1045.vcxproj", "{14BFC6EE-8089-442C-8A80-4A7BCFD377BB}"
EndProject
Project("{8BC9CEB8-8B4A-11D0-8D11-00A0C91BC942}") = "1025", "1025\1025.vcxproj", "{974D08E4-6CF4-43A0-BF4F-17370F0B66D5}"
EndProject
Project("{8BC9CEB8-8B4A-11D0-8D11-00A0C91BC942}") = "1054", "1054\1054.vcxproj", "{3304C6AA-B98E-4FBB-9CD1-665B1698DC01}"
EndProject
Project("{8BC9CEB8-8B4A-11D0-8D11-00A0C91BC942}") = "1055", "1055\1055.vcxproj", "{ABD0D5C5-9E73-4B25-8D81-F60C6F424579}"
EndProject
Project("{8BC9CEB8-8B4A-11D0-8D11-00A0C91BC942}") = "1056", "1056\1056.vcxproj", "{A3E2A9C3-B315-4269-BB8E-693823C731AE}"
EndProject
Project("{8BC9CEB8-8B4A-11D0-8D11-00A0C91BC942}") = "1057", "1057\1057.vcxproj", "{703A64D2-4E67-4B29-856F-666CAD55F31B}"
EndProject
Global
	GlobalSection(SolutionConfigurationPlatforms) = preSolution
		Debug|Win32 = Debug|Win32
		Release|Win32 = Release|Win32
	EndGlobalSection
	GlobalSection(ProjectConfigurationPlatforms) = postSolution
		{191EC74D-4471-47CA-9F95-8CB2D666E76D}.Debug|Win32.ActiveCfg = Debug|Win32
		{191EC74D-4471-47CA-9F95-8CB2D666E76D}.Debug|Win32.Build.0 = Debug|Win32
		{191EC74D-4471-47CA-9F95-8CB2D666E76D}.Release|Win32.ActiveCfg = Release|Win32
		{191EC74D-4471-47CA-9F95-8CB2D666E76D}.Release|Win32.Build.0 = Release|Win32
		{6B1D5FE8-E302-4BFC-9C00-9819D9BA8D3D}.Debug|Win32.ActiveCfg = Debug|Win32
		{6B1D5FE8-E302-4BFC-9C00-9819D9BA8D3D}.Debug|Win32.Build.0 = Debug|Win32
		{6B1D5FE8-E302-4BFC-9C00-9819D9BA8D3D}.Release|Win32.ActiveCfg = Release|Win32
		{6B1D5FE8-E302-4BFC-9C00-9819D9BA8D3D}.Release|Win32.Build.0 = Release|Win32
		{BC30B59D-387D-4728-972A-4FD41928A9F0}.Debug|Win32.ActiveCfg = Debug|Win32
		{BC30B59D-387D-4728-972A-4FD41928A9F0}.Debug|Win32.Build.0 = Debug|Win32
		{BC30B59D-387D-4728-972A-4FD41928A9F0}.Release|Win32.ActiveCfg = Release|Win32
		{BC30B59D-387D-4728-972A-4FD41928A9F0}.Release|Win32.Build.0 = Release|Win32
		{F5CBB085-BB2F-4AF8-9DAC-EC6C79A58B51}.Debug|Win32.ActiveCfg = Debug|Win32
		{F5CBB085-BB2F-4AF8-9DAC-EC6C79A58B51}.Debug|Win32.Build.0 = Debug|Win32
		{F5CBB085-BB2F-4AF8-9DAC-EC6C79A58B51}.Release|Win32.ActiveCfg = Release|Win32
		{F5CBB085-BB2F-4AF8-9DAC-EC6C79A58B51}.Release|Win32.Build.0 = Release|Win32
		{6E34B286-EFCE-4122-918B-04A5C98439BE}.Debug|Win32.ActiveCfg = Debug|Win32
		{6E34B286-EFCE-4122-918B-04A5C98439BE}.Debug|Win32.Build.0 = Debug|Win32
		{6E34B286-EFCE-4122-918B-04A5C98439BE}.Release|Win32.ActiveCfg = Release|Win32
		{6E34B286-EFCE-4122-918B-04A5C98439BE}.Release|Win32.Build.0 = Release|Win32
		{39F55FCC-2953-4D53-8F7A-C9DEFF278C1B}.Debug|Win32.ActiveCfg = Debug|Win32
		{39F55FCC-2953-4D53-8F7A-C9DEFF278C1B}.Debug|Win32.Build.0 = Debug|Win32
		{39F55FCC-2953-4D53-8F7A-C9DEFF278C1B}.Release|Win32.ActiveCfg = Release|Win32
		{39F55FCC-2953-4D53-8F7A-C9DEFF278C1B}.Release|Win32.Build.0 = Release|Win32
		{C4798AE7-035A-42EB-ACE7-4D82F859772D}.Debug|Win32.ActiveCfg = Debug|Win32
		{C4798AE7-035A-42EB-ACE7-4D82F859772D}.Debug|Win32.Build.0 = Debug|Win32
		{C4798AE7-035A-42EB-ACE7-4D82F859772D}.Release|Win32.ActiveCfg = Release|Win32
		{C4798AE7-035A-42EB-ACE7-4D82F859772D}.Release|Win32.Build.0 = Release|Win32
		{14BFC6EE-8089-442C-8A80-4A7BCFD377BB}.Debug|Win32.ActiveCfg = Debug|Win32
		{14BFC6EE-8089-442C-8A80-4A7BCFD377BB}.Debug|Win32.Build.0 = Debug|Win32
		{14BFC6EE-8089-442C-8A80-4A7BCFD377BB}.Release|Win32.ActiveCfg = Release|Win32
		{14BFC6EE-8089-442C-8A80-4A7BCFD377BB}.Release|Win32.Build.0 = Release|Win32
		{974D08E4-6CF4-43A0-BF4F-17370F0B66D5}.Debug|Win32.ActiveCfg = Debug|Win32
		{974D08E4-6CF4-43A0-BF4F-17370F0B66D5}.Debug|Win32.Build.0 = Debug|Win32
		{974D08E4-6CF4-43A0-BF4F-17370F0B66D5}.Release|Win32.ActiveCfg = Release|Win32
		{974D08E4-6CF4-43A0-BF4F-17370F0B66D5}.Release|Win32.Build.0 = Release|Win32
		{3304C6AA-B98E-4FBB-9CD1-665B1698DC01}.Debug|Win32.ActiveCfg = Debug|Win32
		{3304C6AA-B98E-4FBB-9CD1-665B1698DC01}.Debug|Win32.Build.0 = Debug|Win32
		{3304C6AA-B98E-4FBB-9CD1-665B1698DC01}.Release|Win32.ActiveCfg = Release|Win32
		{3304C6AA-B98E-4FBB-9CD1-665B1698DC01}.Release|Win32.Build.0 = Release|Win32
		{ABD0D5C5-9E73-4B25-8D81-F60C6F424579}.Debug|Win32.ActiveCfg = Debug|Win32
		{ABD0D5C5-9E73-4B25-8D81-F60C6F424579}.Debug|Win32.Build.0 = Debug|Win32
		{ABD0D5C5-9E73-4B25-8D81-F60C6F424579}.Release|Win32.ActiveCfg = Release|Win32
		{ABD0D5C5-9E73-4B25-8D81-F60C6F424579}.Release|Win32.Build.0 = Release|Win32
		{A3E2A9C3-B315-4269-BB8E-693823C731AE}.Debug|Win32.ActiveCfg = Debug|Win32
		{A3E2A9C3-B315-4269-BB8E-693823C731AE}.Debug|Win32.Build.0 = Debug|Win32
		{A3E2A9C3-B315-4269-BB8E-693823C731AE}.Release|Win32.ActiveCfg = Release|Win32
		{A3E2A9C3-B315-4269-BB8E-693823C731AE}.Release|Win32.Build.0 = Release|Win32
		{703A64D2-4E67-4B29-856F-666CAD55F31B}.Debug|Win32.ActiveCfg = Debug|Win32
		{703A64D2-4E67-4B29-856F-666CAD55F31B}.Debug|Win32.Build.0 = Debug|Win32
		{703A64D2-4E67-4B29-856F-666CAD55F31B}.Release|Win32.ActiveCfg = Release|Win32
		{703A64D2-4E67-4B29-856F-666CAD55F31B}.Release|Win32.Build.0 = Release|Win32
	EndGlobalSection
	GlobalSection(SolutionProperties) = preSolution
		HideSolutionNode = FALSE
	EndGlobalSection
EndGlobal
